---
name: "Update flake inputs"
"on":
  schedule:
    - cron: "0 0 * * 1"
  workflow_dispatch:
jobs:
  update-flake-lock:
    runs-on: "ubuntu-latest"
    permissions:
      contents: "write"
      pull-requests: "write"
    steps:
      - uses: "actions/checkout@de0fac2e4500dabe0009e67214ff5f5447ce83dd" # v6
        with:
          persist-credentials: false
      - uses: "DeterminateSystems/determinate-nix-action@92ffb5400c3776307a27a1727d7e2ac3dcd9f844" # v3
      - uses: "DeterminateSystems/update-flake-lock@3d82c7e1a46ddcc239881a2ac62b0d9d970dc96b" # main
        with:
          pr-title: "Update flake inputs"
          pr-assignees: "adampie"
