---
name: "Update flake inputs"
"on":
  schedule:
    - cron: "0 0 * * 1"
  workflow_dispatch:
jobs:
  update-flake-lock:
    runs-on: "ubuntu-latest"
    permissions:
      contents: "write"
      pull-requests: "write"
    steps:
      - uses: "actions/checkout@v6"
      - uses: "DeterminateSystems/determinate-nix-action@v3"
      - uses: "DeterminateSystems/update-flake-lock@main"
        with:
          pr-title: "Update flake inputs"
          pr-assignees: "adampie"
